// !$*UTF8*$!
{
	archiveVersion = 1;
	classes = {
	};
	objectVersion = 56;
	objects = {

/* Begin PBXBuildFile section */
		1C06ED872C8B061600A5A5F4 /* TrackerCategory.swift in Sources */ = {isa = PBXBuildFile; fileRef = 1C06ED862C8B061600A5A5F4 /* TrackerCategory.swift */; };
		1C06ED892C8B064100A5A5F4 /* Tracker.swift in Sources */ = {isa = PBXBuildFile; fileRef = 1C06ED882C8B064100A5A5F4 /* Tracker.swift */; };
		1C06ED8B2C8B067B00A5A5F4 /* TrackerRecord.swift in Sources */ = {isa = PBXBuildFile; fileRef = 1C06ED8A2C8B067B00A5A5F4 /* TrackerRecord.swift */; };
		1C06ED902C8B2C1300A5A5F4 /* TrackerModel.xcdatamodeld in Sources */ = {isa = PBXBuildFile; fileRef = 1C06ED8E2C8B2C1300A5A5F4 /* TrackerModel.xcdatamodeld */; };
		1C136FB22CABE0BE00112DBB /* ColorCell.swift in Sources */ = {isa = PBXBuildFile; fileRef = 1C136FB12CABE0B700112DBB /* ColorCell.swift */; };
		1C3C40D52CB55CD2004BAD9B /* TrackerStore.swift in Sources */ = {isa = PBXBuildFile; fileRef = 1C3C40D42CB55CCA004BAD9B /* TrackerStore.swift */; };
		1C3C40D72CB55CE9004BAD9B /* TrackerCategoryStore.swift in Sources */ = {isa = PBXBuildFile; fileRef = 1C3C40D62CB55CE7004BAD9B /* TrackerCategoryStore.swift */; };
		1C3C40D92CB55CF7004BAD9B /* TrackerRecordStore.swift in Sources */ = {isa = PBXBuildFile; fileRef = 1C3C40D82CB55CF5004BAD9B /* TrackerRecordStore.swift */; };
		1C3C40DB2CB59C31004BAD9B /* CreateEventViewController.swift in Sources */ = {isa = PBXBuildFile; fileRef = 1C3C40DA2CB59C2F004BAD9B /* CreateEventViewController.swift */; };
		1C562B242CBC000D006CD2DA /* OnboardingPageViewController.swift in Sources */ = {isa = PBXBuildFile; fileRef = 1C562B232CBC0003006CD2DA /* OnboardingPageViewController.swift */; };
		1C562B262CBC002B006CD2DA /* OnboardingViewController.swift in Sources */ = {isa = PBXBuildFile; fileRef = 1C562B252CBC001E006CD2DA /* OnboardingViewController.swift */; };
		1C567E742C8882700023A2BC /* AppDelegate.swift in Sources */ = {isa = PBXBuildFile; fileRef = 1C567E732C8882700023A2BC /* AppDelegate.swift */; };
		1C567E762C8882700023A2BC /* SceneDelegate.swift in Sources */ = {isa = PBXBuildFile; fileRef = 1C567E752C8882700023A2BC /* SceneDelegate.swift */; };
		1C567E7D2C8882730023A2BC /* Assets.xcassets in Resources */ = {isa = PBXBuildFile; fileRef = 1C567E7C2C8882730023A2BC /* Assets.xcassets */; };
		1C567E802C8882730023A2BC /* LaunchScreen.storyboard in Resources */ = {isa = PBXBuildFile; fileRef = 1C567E7E2C8882730023A2BC /* LaunchScreen.storyboard */; };
		1C860E2D2C8F2E9700A0D3BC /* SplashViewController.swift in Sources */ = {isa = PBXBuildFile; fileRef = 1C860E2C2C8F2E9700A0D3BC /* SplashViewController.swift */; };
		1C860E322C8F313400A0D3BC /* MainTabBarController.swift in Sources */ = {isa = PBXBuildFile; fileRef = 1C860E312C8F313400A0D3BC /* MainTabBarController.swift */; };
		1C860E342C8F32B700A0D3BC /* TrackersViewController.swift in Sources */ = {isa = PBXBuildFile; fileRef = 1C860E332C8F32B700A0D3BC /* TrackersViewController.swift */; };
		1C9505C22C8F3F84003FF17F /* CreateTrackerTypeViewController.swift in Sources */ = {isa = PBXBuildFile; fileRef = 1C9505C12C8F3F84003FF17F /* CreateTrackerTypeViewController.swift */; };
		1CC6E6212CB6719B00F55DB1 /* CreateEventView.swift in Sources */ = {isa = PBXBuildFile; fileRef = 1CC6E6202CB6719500F55DB1 /* CreateEventView.swift */; };
		1CC6E6232CB6974200F55DB1 /* UIColorTransformer.swift in Sources */ = {isa = PBXBuildFile; fileRef = 1CC6E6222CB6972300F55DB1 /* UIColorTransformer.swift */; };
		1CC6E6252CB69CAC00F55DB1 /* SheduleTransformer.swift in Sources */ = {isa = PBXBuildFile; fileRef = 1CC6E6242CB69C9E00F55DB1 /* SheduleTransformer.swift */; };
		1CCBC7892C99A05E00124C53 /* TrackerCell.swift in Sources */ = {isa = PBXBuildFile; fileRef = 1CCBC7882C99A05E00124C53 /* TrackerCell.swift */; };
		1CCBC78B2C99A08C00124C53 /* TrackerCategoryHeader.swift in Sources */ = {isa = PBXBuildFile; fileRef = 1CCBC78A2C99A08C00124C53 /* TrackerCategoryHeader.swift */; };
		1CCBC78D2C99BB1F00124C53 /* TrackerService.swift in Sources */ = {isa = PBXBuildFile; fileRef = 1CCBC78C2C99BB1F00124C53 /* TrackerService.swift */; };
		1CDEBC9B2CB95B09000B6B18 /* CategoryViewController.swift in Sources */ = {isa = PBXBuildFile; fileRef = 1CDEBC9A2CB95AF9000B6B18 /* CategoryViewController.swift */; };
		1CDEBC9D2CB95B20000B6B18 /* CategoryViewModel.swift in Sources */ = {isa = PBXBuildFile; fileRef = 1CDEBC9C2CB95B1E000B6B18 /* CategoryViewModel.swift */; };
		1CEA55E62C904AB1000580D7 /* CreateHabitView.swift in Sources */ = {isa = PBXBuildFile; fileRef = 1CEA55E52C904AB1000580D7 /* CreateHabitView.swift */; };
		1CEA55E82C904B12000580D7 /* CreateHabitViewController.swift in Sources */ = {isa = PBXBuildFile; fileRef = 1CEA55E72C904B12000580D7 /* CreateHabitViewController.swift */; };
		1CEA55EE2C91A616000580D7 /* ScheduleViewController.swift in Sources */ = {isa = PBXBuildFile; fileRef = 1CEA55ED2C91A616000580D7 /* ScheduleViewController.swift */; };
		1CEA55F22C9308F9000580D7 /* DayOfWeek.swift in Sources */ = {isa = PBXBuildFile; fileRef = 1CEA55F12C9308F9000580D7 /* DayOfWeek.swift */; };
		1CEA55F62C930CD6000580D7 /* ScheduleViewControllerDelegate.swift in Sources */ = {isa = PBXBuildFile; fileRef = 1CEA55F52C930CD6000580D7 /* ScheduleViewControllerDelegate.swift */; };
		1CFAE5E22CBAD4E6002ADE28 /* CategoryFormViewController.swift in Sources */ = {isa = PBXBuildFile; fileRef = 1CFAE5E12CBAD4E4002ADE28 /* CategoryFormViewController.swift */; };
		1CFAE5E62CBAD579002ADE28 /* CategoryFormViewModel.swift in Sources */ = {isa = PBXBuildFile; fileRef = 1CFAE5E52CBAD54F002ADE28 /* CategoryFormViewModel.swift */; };
		1CFC5EE42CAAF6F90003DE39 /* EmojiCell.swift in Sources */ = {isa = PBXBuildFile; fileRef = 1CFC5EE32CAAF6DC0003DE39 /* EmojiCell.swift */; };
/* End PBXBuildFile section */

/* Begin PBXFileReference section */
		1C06ED862C8B061600A5A5F4 /* TrackerCategory.swift */ = {isa = PBXFileReference; lastKnownFileType = sourcecode.swift; path = TrackerCategory.swift; sourceTree = "<group>"; };
		1C06ED882C8B064100A5A5F4 /* Tracker.swift */ = {isa = PBXFileReference; lastKnownFileType = sourcecode.swift; path = Tracker.swift; sourceTree = "<group>"; };
		1C06ED8A2C8B067B00A5A5F4 /* TrackerRecord.swift */ = {isa = PBXFileReference; lastKnownFileType = sourcecode.swift; path = TrackerRecord.swift; sourceTree = "<group>"; };
		1C06ED8F2C8B2C1300A5A5F4 /* TrackerModel.xcdatamodel */ = {isa = PBXFileReference; lastKnownFileType = wrapper.xcdatamodel; path = TrackerModel.xcdatamodel; sourceTree = "<group>"; };
		1C136FB12CABE0B700112DBB /* ColorCell.swift */ = {isa = PBXFileReference; lastKnownFileType = sourcecode.swift; path = ColorCell.swift; sourceTree = "<group>"; };
		1C3C40D42CB55CCA004BAD9B /* TrackerStore.swift */ = {isa = PBXFileReference; lastKnownFileType = sourcecode.swift; path = TrackerStore.swift; sourceTree = "<group>"; };
		1C3C40D62CB55CE7004BAD9B /* TrackerCategoryStore.swift */ = {isa = PBXFileReference; lastKnownFileType = sourcecode.swift; path = TrackerCategoryStore.swift; sourceTree = "<group>"; };
		1C3C40D82CB55CF5004BAD9B /* TrackerRecordStore.swift */ = {isa = PBXFileReference; lastKnownFileType = sourcecode.swift; path = TrackerRecordStore.swift; sourceTree = "<group>"; };
		1C3C40DA2CB59C2F004BAD9B /* CreateEventViewController.swift */ = {isa = PBXFileReference; lastKnownFileType = sourcecode.swift; path = CreateEventViewController.swift; sourceTree = "<group>"; };
		1C562B232CBC0003006CD2DA /* OnboardingPageViewController.swift */ = {isa = PBXFileReference; lastKnownFileType = sourcecode.swift; path = OnboardingPageViewController.swift; sourceTree = "<group>"; };
		1C562B252CBC001E006CD2DA /* OnboardingViewController.swift */ = {isa = PBXFileReference; lastKnownFileType = sourcecode.swift; path = OnboardingViewController.swift; sourceTree = "<group>"; };
		1C567E702C88826F0023A2BC /* Tracker.app */ = {isa = PBXFileReference; explicitFileType = wrapper.application; includeInIndex = 0; path = Tracker.app; sourceTree = BUILT_PRODUCTS_DIR; };
		1C567E732C8882700023A2BC /* AppDelegate.swift */ = {isa = PBXFileReference; lastKnownFileType = sourcecode.swift; path = AppDelegate.swift; sourceTree = "<group>"; };
		1C567E752C8882700023A2BC /* SceneDelegate.swift */ = {isa = PBXFileReference; lastKnownFileType = sourcecode.swift; path = SceneDelegate.swift; sourceTree = "<group>"; };
		1C567E7C2C8882730023A2BC /* Assets.xcassets */ = {isa = PBXFileReference; lastKnownFileType = folder.assetcatalog; path = Assets.xcassets; sourceTree = "<group>"; };
		1C567E7F2C8882730023A2BC /* Base */ = {isa = PBXFileReference; lastKnownFileType = file.storyboard; name = Base; path = Base.lproj/LaunchScreen.storyboard; sourceTree = "<group>"; };
		1C567E812C8882730023A2BC /* Info.plist */ = {isa = PBXFileReference; lastKnownFileType = text.plist.xml; path = Info.plist; sourceTree = "<group>"; };
		1C860E2C2C8F2E9700A0D3BC /* SplashViewController.swift */ = {isa = PBXFileReference; lastKnownFileType = sourcecode.swift; path = SplashViewController.swift; sourceTree = "<group>"; };
		1C860E312C8F313400A0D3BC /* MainTabBarController.swift */ = {isa = PBXFileReference; lastKnownFileType = sourcecode.swift; path = MainTabBarController.swift; sourceTree = "<group>"; };
		1C860E332C8F32B700A0D3BC /* TrackersViewController.swift */ = {isa = PBXFileReference; lastKnownFileType = sourcecode.swift; path = TrackersViewController.swift; sourceTree = "<group>"; };
		1C9505C12C8F3F84003FF17F /* CreateTrackerTypeViewController.swift */ = {isa = PBXFileReference; lastKnownFileType = sourcecode.swift; path = CreateTrackerTypeViewController.swift; sourceTree = "<group>"; };
		1CC6E6202CB6719500F55DB1 /* CreateEventView.swift */ = {isa = PBXFileReference; lastKnownFileType = sourcecode.swift; path = CreateEventView.swift; sourceTree = "<group>"; };
		1CC6E6222CB6972300F55DB1 /* UIColorTransformer.swift */ = {isa = PBXFileReference; lastKnownFileType = sourcecode.swift; path = UIColorTransformer.swift; sourceTree = "<group>"; };
		1CC6E6242CB69C9E00F55DB1 /* SheduleTransformer.swift */ = {isa = PBXFileReference; lastKnownFileType = sourcecode.swift; path = SheduleTransformer.swift; sourceTree = "<group>"; };
		1CCBC7882C99A05E00124C53 /* TrackerCell.swift */ = {isa = PBXFileReference; lastKnownFileType = sourcecode.swift; path = TrackerCell.swift; sourceTree = "<group>"; };
		1CCBC78A2C99A08C00124C53 /* TrackerCategoryHeader.swift */ = {isa = PBXFileReference; lastKnownFileType = sourcecode.swift; path = TrackerCategoryHeader.swift; sourceTree = "<group>"; };
		1CCBC78C2C99BB1F00124C53 /* TrackerService.swift */ = {isa = PBXFileReference; lastKnownFileType = sourcecode.swift; path = TrackerService.swift; sourceTree = "<group>"; };
		1CDEBC9A2CB95AF9000B6B18 /* CategoryViewController.swift */ = {isa = PBXFileReference; lastKnownFileType = sourcecode.swift; path = CategoryViewController.swift; sourceTree = "<group>"; };
		1CDEBC9C2CB95B1E000B6B18 /* CategoryViewModel.swift */ = {isa = PBXFileReference; lastKnownFileType = sourcecode.swift; path = CategoryViewModel.swift; sourceTree = "<group>"; };
		1CEA55E52C904AB1000580D7 /* CreateHabitView.swift */ = {isa = PBXFileReference; lastKnownFileType = sourcecode.swift; path = CreateHabitView.swift; sourceTree = "<group>"; };
		1CEA55E72C904B12000580D7 /* CreateHabitViewController.swift */ = {isa = PBXFileReference; lastKnownFileType = sourcecode.swift; path = CreateHabitViewController.swift; sourceTree = "<group>"; };
		1CEA55ED2C91A616000580D7 /* ScheduleViewController.swift */ = {isa = PBXFileReference; lastKnownFileType = sourcecode.swift; path = ScheduleViewController.swift; sourceTree = "<group>"; };
		1CEA55F12C9308F9000580D7 /* DayOfWeek.swift */ = {isa = PBXFileReference; lastKnownFileType = sourcecode.swift; path = DayOfWeek.swift; sourceTree = "<group>"; };
		1CEA55F52C930CD6000580D7 /* ScheduleViewControllerDelegate.swift */ = {isa = PBXFileReference; lastKnownFileType = sourcecode.swift; path = ScheduleViewControllerDelegate.swift; sourceTree = "<group>"; };
		1CFAE5E12CBAD4E4002ADE28 /* CategoryFormViewController.swift */ = {isa = PBXFileReference; lastKnownFileType = sourcecode.swift; path = CategoryFormViewController.swift; sourceTree = "<group>"; };
		1CFAE5E52CBAD54F002ADE28 /* CategoryFormViewModel.swift */ = {isa = PBXFileReference; lastKnownFileType = sourcecode.swift; path = CategoryFormViewModel.swift; sourceTree = "<group>"; };
		1CFC5EE32CAAF6DC0003DE39 /* EmojiCell.swift */ = {isa = PBXFileReference; lastKnownFileType = sourcecode.swift; path = EmojiCell.swift; sourceTree = "<group>"; };
/* End PBXFileReference section */

/* Begin PBXFrameworksBuildPhase section */
		1C567E6D2C88826F0023A2BC /* Frameworks */ = {
			isa = PBXFrameworksBuildPhase;
			buildActionMask = 2147483647;
			files = (
			);
			runOnlyForDeploymentPostprocessing = 0;
		};
/* End PBXFrameworksBuildPhase section */

/* Begin PBXGroup section */
		1C06ED852C8B05F700A5A5F4 /* Models */ = {
			isa = PBXGroup;
			children = (
				1CCBC78E2C9ACFC400124C53 /* Services */,
				1C06ED8E2C8B2C1300A5A5F4 /* TrackerModel.xcdatamodeld */,
				1C06ED882C8B064100A5A5F4 /* Tracker.swift */,
				1C06ED862C8B061600A5A5F4 /* TrackerCategory.swift */,
				1C06ED8A2C8B067B00A5A5F4 /* TrackerRecord.swift */,
				1CEA55F12C9308F9000580D7 /* DayOfWeek.swift */,
			);
			path = Models;
			sourceTree = "<group>";
		};
		1C3C40DC2CB59E8A004BAD9B /* Habit */ = {
			isa = PBXGroup;
			children = (
				1CEA55F52C930CD6000580D7 /* ScheduleViewControllerDelegate.swift */,
				1CEA55E72C904B12000580D7 /* CreateHabitViewController.swift */,
				1CEA55ED2C91A616000580D7 /* ScheduleViewController.swift */,
			);
			path = Habit;
			sourceTree = "<group>";
		};
		1C562B222CBBFFF2006CD2DA /* OnBorading */ = {
			isa = PBXGroup;
			children = (
				1C562B252CBC001E006CD2DA /* OnboardingViewController.swift */,
				1C562B232CBC0003006CD2DA /* OnboardingPageViewController.swift */,
			);
			path = OnBorading;
			sourceTree = "<group>";
		};
		1C567E672C88826F0023A2BC = {
			isa = PBXGroup;
			children = (
				1C567E722C88826F0023A2BC /* Tracker */,
				1C567E712C88826F0023A2BC /* Products */,
			);
			sourceTree = "<group>";
		};
		1C567E712C88826F0023A2BC /* Products */ = {
			isa = PBXGroup;
			children = (
				1C567E702C88826F0023A2BC /* Tracker.app */,
			);
			name = Products;
			sourceTree = "<group>";
		};
		1C567E722C88826F0023A2BC /* Tracker */ = {
			isa = PBXGroup;
			children = (
				1C567E812C8882730023A2BC /* Info.plist */,
				1C567E732C8882700023A2BC /* AppDelegate.swift */,
				1C567E752C8882700023A2BC /* SceneDelegate.swift */,
				1C860E2E2C8F2FA100A0D3BC /* Resources */,
				1C860E2F2C8F2FDA00A0D3BC /* Controllers */,
				1C860E302C8F2FFD00A0D3BC /* Views */,
				1C06ED852C8B05F700A5A5F4 /* Models */,
			);
			path = Tracker;
			sourceTree = "<group>";
		};
		1C860E2E2C8F2FA100A0D3BC /* Resources */ = {
			isa = PBXGroup;
			children = (
				1C567E7C2C8882730023A2BC /* Assets.xcassets */,
				1C567E7E2C8882730023A2BC /* LaunchScreen.storyboard */,
			);
			path = Resources;
			sourceTree = "<group>";
		};
		1C860E2F2C8F2FDA00A0D3BC /* Controllers */ = {
			isa = PBXGroup;
			children = (
				1C860E2C2C8F2E9700A0D3BC /* SplashViewController.swift */,
				1C860E312C8F313400A0D3BC /* MainTabBarController.swift */,
				1C562B222CBBFFF2006CD2DA /* OnBorading */,
				1CC6E61F2CB6709E00F55DB1 /* Trackers */,
				1C3C40DC2CB59E8A004BAD9B /* Habit */,
				1CC6E61E2CB6705300F55DB1 /* Event */,
				1CDEBC992CB95AE0000B6B18 /* Category */,
				1CC6E61D2CB6703F00F55DB1 /* Helpers */,
			);
			path = Controllers;
			sourceTree = "<group>";
		};
		1C860E302C8F2FFD00A0D3BC /* Views */ = {
			isa = PBXGroup;
			children = (
				1CEA55E52C904AB1000580D7 /* CreateHabitView.swift */,
				1CC6E6202CB6719500F55DB1 /* CreateEventView.swift */,
			);
			path = Views;
			sourceTree = "<group>";
		};
		1CC6E61D2CB6703F00F55DB1 /* Helpers */ = {
			isa = PBXGroup;
			children = (
				1CFC5EE32CAAF6DC0003DE39 /* EmojiCell.swift */,
				1C136FB12CABE0B700112DBB /* ColorCell.swift */,
			);
			path = Helpers;
			sourceTree = "<group>";
		};
		1CC6E61E2CB6705300F55DB1 /* Event */ = {
			isa = PBXGroup;
			children = (
				1C3C40DA2CB59C2F004BAD9B /* CreateEventViewController.swift */,
			);
			path = Event;
			sourceTree = "<group>";
		};
		1CC6E61F2CB6709E00F55DB1 /* Trackers */ = {
			isa = PBXGroup;
			children = (
				1C860E332C8F32B700A0D3BC /* TrackersViewController.swift */,
				1CCBC7882C99A05E00124C53 /* TrackerCell.swift */,
				1CCBC78A2C99A08C00124C53 /* TrackerCategoryHeader.swift */,
				1C9505C12C8F3F84003FF17F /* CreateTrackerTypeViewController.swift */,
			);
			path = Trackers;
			sourceTree = "<group>";
		};
		1CCBC78E2C9ACFC400124C53 /* Services */ = {
			isa = PBXGroup;
			children = (
				1C3C40D62CB55CE7004BAD9B /* TrackerCategoryStore.swift */,
				1C3C40D42CB55CCA004BAD9B /* TrackerStore.swift */,
				1C3C40D82CB55CF5004BAD9B /* TrackerRecordStore.swift */,
				1CCBC78C2C99BB1F00124C53 /* TrackerService.swift */,
				1CC6E6222CB6972300F55DB1 /* UIColorTransformer.swift */,
				1CC6E6242CB69C9E00F55DB1 /* SheduleTransformer.swift */,
			);
			path = Services;
			sourceTree = "<group>";
		};
		1CDEBC992CB95AE0000B6B18 /* Category */ = {
			isa = PBXGroup;
			children = (
				1CFAE5E32CBAD4FF002ADE28 /* CategoryList */,
				1CFAE5E42CBAD518002ADE28 /* CategoryCreate */,
			);
			path = Category;
			sourceTree = "<group>";
		};
		1CFAE5E32CBAD4FF002ADE28 /* CategoryList */ = {
			isa = PBXGroup;
			children = (
				1CDEBC9C2CB95B1E000B6B18 /* CategoryViewModel.swift */,
				1CDEBC9A2CB95AF9000B6B18 /* CategoryViewController.swift */,
			);
			path = CategoryList;
			sourceTree = "<group>";
		};
		1CFAE5E42CBAD518002ADE28 /* CategoryCreate */ = {
			isa = PBXGroup;
			children = (
				1CFAE5E52CBAD54F002ADE28 /* CategoryFormViewModel.swift */,
				1CFAE5E12CBAD4E4002ADE28 /* CategoryFormViewController.swift */,
			);
			path = CategoryCreate;
			sourceTree = "<group>";
		};
/* End PBXGroup section */

/* Begin PBXNativeTarget section */
		1C567E6F2C88826F0023A2BC /* Tracker */ = {
			isa = PBXNativeTarget;
			buildConfigurationList = 1C567E842C8882730023A2BC /* Build configuration list for PBXNativeTarget "Tracker" */;
			buildPhases = (
				1C567E6C2C88826F0023A2BC /* Sources */,
				1C567E6D2C88826F0023A2BC /* Frameworks */,
				1C567E6E2C88826F0023A2BC /* Resources */,
			);
			buildRules = (
			);
			dependencies = (
			);
			name = Tracker;
			productName = Tracker;
			productReference = 1C567E702C88826F0023A2BC /* Tracker.app */;
			productType = "com.apple.product-type.application";
		};
/* End PBXNativeTarget section */

/* Begin PBXProject section */
		1C567E682C88826F0023A2BC /* Project object */ = {
			isa = PBXProject;
			attributes = {
				BuildIndependentTargetsInParallel = 1;
				LastSwiftUpdateCheck = 1520;
				LastUpgradeCheck = 1520;
				TargetAttributes = {
					1C567E6F2C88826F0023A2BC = {
						CreatedOnToolsVersion = 15.2;
					};
				};
			};
			buildConfigurationList = 1C567E6B2C88826F0023A2BC /* Build configuration list for PBXProject "Tracker" */;
			compatibilityVersion = "Xcode 14.0";
			developmentRegion = en;
			hasScannedForEncodings = 0;
			knownRegions = (
				en,
				Base,
			);
			mainGroup = 1C567E672C88826F0023A2BC;
			productRefGroup = 1C567E712C88826F0023A2BC /* Products */;
			projectDirPath = "";
			projectRoot = "";
			targets = (
				1C567E6F2C88826F0023A2BC /* Tracker */,
			);
		};
/* End PBXProject section */

/* Begin PBXResourcesBuildPhase section */
		1C567E6E2C88826F0023A2BC /* Resources */ = {
			isa = PBXResourcesBuildPhase;
			buildActionMask = 2147483647;
			files = (
				1C567E802C8882730023A2BC /* LaunchScreen.storyboard in Resources */,
				1C567E7D2C8882730023A2BC /* Assets.xcassets in Resources */,
			);
			runOnlyForDeploymentPostprocessing = 0;
		};
/* End PBXResourcesBuildPhase section */

/* Begin PBXSourcesBuildPhase section */
		1C567E6C2C88826F0023A2BC /* Sources */ = {
			isa = PBXSourcesBuildPhase;
			buildActionMask = 2147483647;
			files = (
				1CEA55F22C9308F9000580D7 /* DayOfWeek.swift in Sources */,
				1C860E342C8F32B700A0D3BC /* TrackersViewController.swift in Sources */,
				1C136FB22CABE0BE00112DBB /* ColorCell.swift in Sources */,
				1CC6E6252CB69CAC00F55DB1 /* SheduleTransformer.swift in Sources */,
				1CFC5EE42CAAF6F90003DE39 /* EmojiCell.swift in Sources */,
				1C9505C22C8F3F84003FF17F /* CreateTrackerTypeViewController.swift in Sources */,
				1CEA55EE2C91A616000580D7 /* ScheduleViewController.swift in Sources */,
				1C3C40D52CB55CD2004BAD9B /* TrackerStore.swift in Sources */,
				1CEA55E82C904B12000580D7 /* CreateHabitViewController.swift in Sources */,
				1C567E742C8882700023A2BC /* AppDelegate.swift in Sources */,
				1CC6E6232CB6974200F55DB1 /* UIColorTransformer.swift in Sources */,
				1C3C40D72CB55CE9004BAD9B /* TrackerCategoryStore.swift in Sources */,
				1C562B242CBC000D006CD2DA /* OnboardingPageViewController.swift in Sources */,
				1C860E322C8F313400A0D3BC /* MainTabBarController.swift in Sources */,
				1CCBC78B2C99A08C00124C53 /* TrackerCategoryHeader.swift in Sources */,
				1CEA55F62C930CD6000580D7 /* ScheduleViewControllerDelegate.swift in Sources */,
				1C06ED892C8B064100A5A5F4 /* Tracker.swift in Sources */,
				1CFAE5E62CBAD579002ADE28 /* CategoryFormViewModel.swift in Sources */,
				1CDEBC9B2CB95B09000B6B18 /* CategoryViewController.swift in Sources */,
				1C860E2D2C8F2E9700A0D3BC /* SplashViewController.swift in Sources */,
				1CFAE5E22CBAD4E6002ADE28 /* CategoryFormViewController.swift in Sources */,
				1CDEBC9D2CB95B20000B6B18 /* CategoryViewModel.swift in Sources */,
				1CCBC7892C99A05E00124C53 /* TrackerCell.swift in Sources */,
				1CCBC78D2C99BB1F00124C53 /* TrackerService.swift in Sources */,
				1CEA55E62C904AB1000580D7 /* CreateHabitView.swift in Sources */,
				1C06ED872C8B061600A5A5F4 /* TrackerCategory.swift in Sources */,
				1C3C40D92CB55CF7004BAD9B /* TrackerRecordStore.swift in Sources */,
				1C567E762C8882700023A2BC /* SceneDelegate.swift in Sources */,
				1C3C40DB2CB59C31004BAD9B /* CreateEventViewController.swift in Sources */,
				1CC6E6212CB6719B00F55DB1 /* CreateEventView.swift in Sources */,
				1C06ED902C8B2C1300A5A5F4 /* TrackerModel.xcdatamodeld in Sources */,
				1C562B262CBC002B006CD2DA /* OnboardingViewController.swift in Sources */,
				1C06ED8B2C8B067B00A5A5F4 /* TrackerRecord.swift in Sources */,
			);
			runOnlyForDeploymentPostprocessing = 0;
		};
/* End PBXSourcesBuildPhase section */

/* Begin PBXVariantGroup section */
		1C567E7E2C8882730023A2BC /* LaunchScreen.storyboard */ = {
			isa = PBXVariantGroup;
			children = (
				1C567E7F2C8882730023A2BC /* Base */,
			);
			name = LaunchScreen.storyboard;
			sourceTree = "<group>";
		};
/* End PBXVariantGroup section */

/* Begin XCBuildConfiguration section */
		1C567E822C8882730023A2BC /* Debug */ = {
			isa = XCBuildConfiguration;
			buildSettings = {
				ALWAYS_SEARCH_USER_PATHS = NO;
				ASSETCATALOG_COMPILER_GENERATE_SWIFT_ASSET_SYMBOL_EXTENSIONS = YES;
				CLANG_ANALYZER_NONNULL = YES;
				CLANG_ANALYZER_NUMBER_OBJECT_CONVERSION = YES_AGGRESSIVE;
				CLANG_CXX_LANGUAGE_STANDARD = "gnu++20";
				CLANG_ENABLE_MODULES = YES;
				CLANG_ENABLE_OBJC_ARC = YES;
				CLANG_ENABLE_OBJC_WEAK = YES;
				CLANG_WARN_BLOCK_CAPTURE_AUTORELEASING = YES;
				CLANG_WARN_BOOL_CONVERSION = YES;
				CLANG_WARN_COMMA = YES;
				CLANG_WARN_CONSTANT_CONVERSION = YES;
				CLANG_WARN_DEPRECATED_OBJC_IMPLEMENTATIONS = YES;
				CLANG_WARN_DIRECT_OBJC_ISA_USAGE = YES_ERROR;
				CLANG_WARN_DOCUMENTATION_COMMENTS = YES;
				CLANG_WARN_EMPTY_BODY = YES;
				CLANG_WARN_ENUM_CONVERSION = YES;
				CLANG_WARN_INFINITE_RECURSION = YES;
				CLANG_WARN_INT_CONVERSION = YES;
				CLANG_WARN_NON_LITERAL_NULL_CONVERSION = YES;
				CLANG_WARN_OBJC_IMPLICIT_RETAIN_SELF = YES;
				CLANG_WARN_OBJC_LITERAL_CONVERSION = YES;
				CLANG_WARN_OBJC_ROOT_CLASS = YES_ERROR;
				CLANG_WARN_QUOTED_INCLUDE_IN_FRAMEWORK_HEADER = YES;
				CLANG_WARN_RANGE_LOOP_ANALYSIS = YES;
				CLANG_WARN_STRICT_PROTOTYPES = YES;
				CLANG_WARN_SUSPICIOUS_MOVE = YES;
				CLANG_WARN_UNGUARDED_AVAILABILITY = YES_AGGRESSIVE;
				CLANG_WARN_UNREACHABLE_CODE = YES;
				CLANG_WARN__DUPLICATE_METHOD_MATCH = YES;
				COPY_PHASE_STRIP = NO;
				DEBUG_INFORMATION_FORMAT = dwarf;
				ENABLE_STRICT_OBJC_MSGSEND = YES;
				ENABLE_TESTABILITY = YES;
				ENABLE_USER_SCRIPT_SANDBOXING = YES;
				GCC_C_LANGUAGE_STANDARD = gnu17;
				GCC_DYNAMIC_NO_PIC = NO;
				GCC_NO_COMMON_BLOCKS = YES;
				GCC_OPTIMIZATION_LEVEL = 0;
				GCC_PREPROCESSOR_DEFINITIONS = (
					"DEBUG=1",
					"$(inherited)",
				);
				GCC_WARN_64_TO_32_BIT_CONVERSION = YES;
				GCC_WARN_ABOUT_RETURN_TYPE = YES_ERROR;
				GCC_WARN_UNDECLARED_SELECTOR = YES;
				GCC_WARN_UNINITIALIZED_AUTOS = YES_AGGRESSIVE;
				GCC_WARN_UNUSED_FUNCTION = YES;
				GCC_WARN_UNUSED_VARIABLE = YES;
				IPHONEOS_DEPLOYMENT_TARGET = 17.2;
				LOCALIZATION_PREFERS_STRING_CATALOGS = YES;
				MTL_ENABLE_DEBUG_INFO = INCLUDE_SOURCE;
				MTL_FAST_MATH = YES;
				ONLY_ACTIVE_ARCH = YES;
				SDKROOT = iphoneos;
				SWIFT_ACTIVE_COMPILATION_CONDITIONS = "DEBUG $(inherited)";
				SWIFT_OPTIMIZATION_LEVEL = "-Onone";
			};
			name = Debug;
		};
		1C567E832C8882730023A2BC /* Release */ = {
			isa = XCBuildConfiguration;
			buildSettings = {
				ALWAYS_SEARCH_USER_PATHS = NO;
				ASSETCATALOG_COMPILER_GENERATE_SWIFT_ASSET_SYMBOL_EXTENSIONS = YES;
				CLANG_ANALYZER_NONNULL = YES;
				CLANG_ANALYZER_NUMBER_OBJECT_CONVERSION = YES_AGGRESSIVE;
				CLANG_CXX_LANGUAGE_STANDARD = "gnu++20";
				CLANG_ENABLE_MODULES = YES;
				CLANG_ENABLE_OBJC_ARC = YES;
				CLANG_ENABLE_OBJC_WEAK = YES;
				CLANG_WARN_BLOCK_CAPTURE_AUTORELEASING = YES;
				CLANG_WARN_BOOL_CONVERSION = YES;
				CLANG_WARN_COMMA = YES;
				CLANG_WARN_CONSTANT_CONVERSION = YES;
				CLANG_WARN_DEPRECATED_OBJC_IMPLEMENTATIONS = YES;
				CLANG_WARN_DIRECT_OBJC_ISA_USAGE = YES_ERROR;
				CLANG_WARN_DOCUMENTATION_COMMENTS = YES;
				CLANG_WARN_EMPTY_BODY = YES;
				CLANG_WARN_ENUM_CONVERSION = YES;
				CLANG_WARN_INFINITE_RECURSION = YES;
				CLANG_WARN_INT_CONVERSION = YES;
				CLANG_WARN_NON_LITERAL_NULL_CONVERSION = YES;
				CLANG_WARN_OBJC_IMPLICIT_RETAIN_SELF = YES;
				CLANG_WARN_OBJC_LITERAL_CONVERSION = YES;
				CLANG_WARN_OBJC_ROOT_CLASS = YES_ERROR;
				CLANG_WARN_QUOTED_INCLUDE_IN_FRAMEWORK_HEADER = YES;
				CLANG_WARN_RANGE_LOOP_ANALYSIS = YES;
				CLANG_WARN_STRICT_PROTOTYPES = YES;
				CLANG_WARN_SUSPICIOUS_MOVE = YES;
				CLANG_WARN_UNGUARDED_AVAILABILITY = YES_AGGRESSIVE;
				CLANG_WARN_UNREACHABLE_CODE = YES;
				CLANG_WARN__DUPLICATE_METHOD_MATCH = YES;
				COPY_PHASE_STRIP = NO;
				DEBUG_INFORMATION_FORMAT = "dwarf-with-dsym";
				ENABLE_NS_ASSERTIONS = NO;
				ENABLE_STRICT_OBJC_MSGSEND = YES;
				ENABLE_USER_SCRIPT_SANDBOXING = YES;
				GCC_C_LANGUAGE_STANDARD = gnu17;
				GCC_NO_COMMON_BLOCKS = YES;
				GCC_WARN_64_TO_32_BIT_CONVERSION = YES;
				GCC_WARN_ABOUT_RETURN_TYPE = YES_ERROR;
				GCC_WARN_UNDECLARED_SELECTOR = YES;
				GCC_WARN_UNINITIALIZED_AUTOS = YES_AGGRESSIVE;
				GCC_WARN_UNUSED_FUNCTION = YES;
				GCC_WARN_UNUSED_VARIABLE = YES;
				IPHONEOS_DEPLOYMENT_TARGET = 17.2;
				LOCALIZATION_PREFERS_STRING_CATALOGS = YES;
				MTL_ENABLE_DEBUG_INFO = NO;
				MTL_FAST_MATH = YES;
				SDKROOT = iphoneos;
				SWIFT_COMPILATION_MODE = wholemodule;
				VALIDATE_PRODUCT = YES;
			};
			name = Release;
		};
		1C567E852C8882730023A2BC /* Debug */ = {
			isa = XCBuildConfiguration;
			buildSettings = {
				ASSETCATALOG_COMPILER_APPICON_NAME = AppIcon;
				ASSETCATALOG_COMPILER_GLOBAL_ACCENT_COLOR_NAME = AccentColor;
				CODE_SIGN_STYLE = Automatic;
				CURRENT_PROJECT_VERSION = 1;
				DEVELOPMENT_TEAM = 6NYBPW9GN5;
				GENERATE_INFOPLIST_FILE = YES;
				INFOPLIST_FILE = Tracker/Info.plist;
				INFOPLIST_KEY_LSApplicationCategoryType = "public.app-category.productivity";
				INFOPLIST_KEY_UIApplicationSupportsIndirectInputEvents = YES;
				INFOPLIST_KEY_UILaunchStoryboardName = LaunchScreen.storyboard;
				INFOPLIST_KEY_UIStatusBarStyle = "";
				INFOPLIST_KEY_UISupportedInterfaceOrientations = UIInterfaceOrientationPortrait;
				INFOPLIST_KEY_UISupportedInterfaceOrientations_iPad = "UIInterfaceOrientationLandscapeLeft UIInterfaceOrientationLandscapeRight UIInterfaceOrientationPortrait UIInterfaceOrientationPortraitUpsideDown";
				IPHONEOS_DEPLOYMENT_TARGET = 13.4;
				LD_RUNPATH_SEARCH_PATHS = (
					"$(inherited)",
					"@executable_path/Frameworks",
				);
				MARKETING_VERSION = 1.0;
				PRODUCT_BUNDLE_IDENTIFIER = com.mybrain.Tracker;
				PRODUCT_NAME = "$(TARGET_NAME)";
				SUPPORTED_PLATFORMS = "iphoneos iphonesimulator";
				SUPPORTS_MACCATALYST = NO;
				SUPPORTS_MAC_DESIGNED_FOR_IPHONE_IPAD = NO;
				SUPPORTS_XR_DESIGNED_FOR_IPHONE_IPAD = NO;
				SWIFT_EMIT_LOC_STRINGS = YES;
				SWIFT_VERSION = 5.0;
				TARGETED_DEVICE_FAMILY = 1;
			};
			name = Debug;
		};
		1C567E862C8882730023A2BC /* Release */ = {
			isa = XCBuildConfiguration;
			buildSettings = {
				ASSETCATALOG_COMPILER_APPICON_NAME = AppIcon;
				ASSETCATALOG_COMPILER_GLOBAL_ACCENT_COLOR_NAME = AccentColor;
				CODE_SIGN_STYLE = Automatic;
				CURRENT_PROJECT_VERSION = 1;
				DEVELOPMENT_TEAM = 6NYBPW9GN5;
				GENERATE_INFOPLIST_FILE = YES;
				INFOPLIST_FILE = Tracker/Info.plist;
				INFOPLIST_KEY_LSApplicationCategoryType = "public.app-category.productivity";
				INFOPLIST_KEY_UIApplicationSupportsIndirectInputEvents = YES;
				INFOPLIST_KEY_UILaunchStoryboardName = LaunchScreen.storyboard;
				INFOPLIST_KEY_UIStatusBarStyle = "";
				INFOPLIST_KEY_UISupportedInterfaceOrientations = UIInterfaceOrientationPortrait;
				INFOPLIST_KEY_UISupportedInterfaceOrientations_iPad = "UIInterfaceOrientationLandscapeLeft UIInterfaceOrientationLandscapeRight UIInterfaceOrientationPortrait UIInterfaceOrientationPortraitUpsideDown";
				IPHONEOS_DEPLOYMENT_TARGET = 13.4;
				LD_RUNPATH_SEARCH_PATHS = (
					"$(inherited)",
					"@executable_path/Frameworks",
				);
				MARKETING_VERSION = 1.0;
				PRODUCT_BUNDLE_IDENTIFIER = com.mybrain.Tracker;
				PRODUCT_NAME = "$(TARGET_NAME)";
				SUPPORTED_PLATFORMS = "iphoneos iphonesimulator";
				SUPPORTS_MACCATALYST = NO;
				SUPPORTS_MAC_DESIGNED_FOR_IPHONE_IPAD = NO;
				SUPPORTS_XR_DESIGNED_FOR_IPHONE_IPAD = NO;
				SWIFT_EMIT_LOC_STRINGS = YES;
				SWIFT_VERSION = 5.0;
				TARGETED_DEVICE_FAMILY = 1;
			};
			name = Release;
		};
/* End XCBuildConfiguration section */

/* Begin XCConfigurationList section */
		1C567E6B2C88826F0023A2BC /* Build configuration list for PBXProject "Tracker" */ = {
			isa = XCConfigurationList;
			buildConfigurations = (
				1C567E822C8882730023A2BC /* Debug */,
				1C567E832C8882730023A2BC /* Release */,
			);
			defaultConfigurationIsVisible = 0;
			defaultConfigurationName = Release;
		};
		1C567E842C8882730023A2BC /* Build configuration list for PBXNativeTarget "Tracker" */ = {
			isa = XCConfigurationList;
			buildConfigurations = (
				1C567E852C8882730023A2BC /* Debug */,
				1C567E862C8882730023A2BC /* Release */,
			);
			defaultConfigurationIsVisible = 0;
			defaultConfigurationName = Release;
		};
/* End XCConfigurationList section */

/* Begin XCVersionGroup section */
		1C06ED8E2C8B2C1300A5A5F4 /* TrackerModel.xcdatamodeld */ = {
			isa = XCVersionGroup;
			children = (
				1C06ED8F2C8B2C1300A5A5F4 /* TrackerModel.xcdatamodel */,
			);
			currentVersion = 1C06ED8F2C8B2C1300A5A5F4 /* TrackerModel.xcdatamodel */;
			path = TrackerModel.xcdatamodeld;
			sourceTree = "<group>";
			versionGroupType = wrapper.xcdatamodel;
		};
/* End XCVersionGroup section */
	};
	rootObject = 1C567E682C88826F0023A2BC /* Project object */;
}
