// !$*UTF8*$!
{
	archiveVersion = 1;
	classes = {
	};
	objectVersion = 56;
	objects = {

/* Begin PBXBuildFile section */
		1C06ED872C8B061600A5A5F4 /* TrackerCategory.swift in Sources */ = {isa = PBXBuildFile; fileRef = 1C06ED862C8B061600A5A5F4 /* TrackerCategory.swift */; };
		1C06ED892C8B064100A5A5F4 /* Tracker.swift in Sources */ = {isa = PBXBuildFile; fileRef = 1C06ED882C8B064100A5A5F4 /* Tracker.swift */; };
		1C06ED8B2C8B067B00A5A5F4 /* TrackerRecord.swift in Sources */ = {isa = PBXBuildFile; fileRef = 1C06ED8A2C8B067B00A5A5F4 /* TrackerRecord.swift */; };
		1C06ED902C8B2C1300A5A5F4 /* TrackerModel.xcdatamodeld in Sources */ = {isa = PBXBuildFile; fileRef = 1C06ED8E2C8B2C1300A5A5F4 /* TrackerModel.xcdatamodeld */; };
		1C567E742C8882700023A2BC /* AppDelegate.swift in Sources */ = {isa = PBXBuildFile; fileRef = 1C567E732C8882700023A2BC /* AppDelegate.swift */; };
		1C567E762C8882700023A2BC /* SceneDelegate.swift in Sources */ = {isa = PBXBuildFile; fileRef = 1C567E752C8882700023A2BC /* SceneDelegate.swift */; };
		1C567E7D2C8882730023A2BC /* Assets.xcassets in Resources */ = {isa = PBXBuildFile; fileRef = 1C567E7C2C8882730023A2BC /* Assets.xcassets */; };
		1C567E802C8882730023A2BC /* LaunchScreen.storyboard in Resources */ = {isa = PBXBuildFile; fileRef = 1C567E7E2C8882730023A2BC /* LaunchScreen.storyboard */; };
		1C860E2B2C8EF3CB00A0D3BC /* CoreDataManager.swift in Sources */ = {isa = PBXBuildFile; fileRef = 1C860E2A2C8EF3CB00A0D3BC /* CoreDataManager.swift */; };
		1C860E2D2C8F2E9700A0D3BC /* SplashViewController.swift in Sources */ = {isa = PBXBuildFile; fileRef = 1C860E2C2C8F2E9700A0D3BC /* SplashViewController.swift */; };
		1C860E322C8F313400A0D3BC /* MainTabBarController.swift in Sources */ = {isa = PBXBuildFile; fileRef = 1C860E312C8F313400A0D3BC /* MainTabBarController.swift */; };
		1C860E342C8F32B700A0D3BC /* TrackersViewController.swift in Sources */ = {isa = PBXBuildFile; fileRef = 1C860E332C8F32B700A0D3BC /* TrackersViewController.swift */; };
		1C860E362C8F335400A0D3BC /* TrackersView.swift in Sources */ = {isa = PBXBuildFile; fileRef = 1C860E352C8F335400A0D3BC /* TrackersView.swift */; };
		1C9505C22C8F3F84003FF17F /* CreateTrackerTypeViewController.swift in Sources */ = {isa = PBXBuildFile; fileRef = 1C9505C12C8F3F84003FF17F /* CreateTrackerTypeViewController.swift */; };
		1C9505C42C8F3FA5003FF17F /* CreateTrackerTypeView.swift in Sources */ = {isa = PBXBuildFile; fileRef = 1C9505C32C8F3FA5003FF17F /* CreateTrackerTypeView.swift */; };
		1CEA55E62C904AB1000580D7 /* CreateHabitView.swift in Sources */ = {isa = PBXBuildFile; fileRef = 1CEA55E52C904AB1000580D7 /* CreateHabitView.swift */; };
		1CEA55E82C904B12000580D7 /* CreateHabitViewController.swift in Sources */ = {isa = PBXBuildFile; fileRef = 1CEA55E72C904B12000580D7 /* CreateHabitViewController.swift */; };
/* End PBXBuildFile section */

/* Begin PBXFileReference section */
		1C06ED862C8B061600A5A5F4 /* TrackerCategory.swift */ = {isa = PBXFileReference; lastKnownFileType = sourcecode.swift; path = TrackerCategory.swift; sourceTree = "<group>"; };
		1C06ED882C8B064100A5A5F4 /* Tracker.swift */ = {isa = PBXFileReference; lastKnownFileType = sourcecode.swift; path = Tracker.swift; sourceTree = "<group>"; };
		1C06ED8A2C8B067B00A5A5F4 /* TrackerRecord.swift */ = {isa = PBXFileReference; lastKnownFileType = sourcecode.swift; path = TrackerRecord.swift; sourceTree = "<group>"; };
		1C06ED8F2C8B2C1300A5A5F4 /* TrackerModel.xcdatamodel */ = {isa = PBXFileReference; lastKnownFileType = wrapper.xcdatamodel; path = TrackerModel.xcdatamodel; sourceTree = "<group>"; };
		1C567E702C88826F0023A2BC /* Tracker.app */ = {isa = PBXFileReference; explicitFileType = wrapper.application; includeInIndex = 0; path = Tracker.app; sourceTree = BUILT_PRODUCTS_DIR; };
		1C567E732C8882700023A2BC /* AppDelegate.swift */ = {isa = PBXFileReference; lastKnownFileType = sourcecode.swift; path = AppDelegate.swift; sourceTree = "<group>"; };
		1C567E752C8882700023A2BC /* SceneDelegate.swift */ = {isa = PBXFileReference; lastKnownFileType = sourcecode.swift; path = SceneDelegate.swift; sourceTree = "<group>"; };
		1C567E7C2C8882730023A2BC /* Assets.xcassets */ = {isa = PBXFileReference; lastKnownFileType = folder.assetcatalog; path = Assets.xcassets; sourceTree = "<group>"; };
		1C567E7F2C8882730023A2BC /* Base */ = {isa = PBXFileReference; lastKnownFileType = file.storyboard; name = Base; path = Base.lproj/LaunchScreen.storyboard; sourceTree = "<group>"; };
		1C567E812C8882730023A2BC /* Info.plist */ = {isa = PBXFileReference; lastKnownFileType = text.plist.xml; path = Info.plist; sourceTree = "<group>"; };
		1C860E2A2C8EF3CB00A0D3BC /* CoreDataManager.swift */ = {isa = PBXFileReference; lastKnownFileType = sourcecode.swift; path = CoreDataManager.swift; sourceTree = "<group>"; };
		1C860E2C2C8F2E9700A0D3BC /* SplashViewController.swift */ = {isa = PBXFileReference; lastKnownFileType = sourcecode.swift; path = SplashViewController.swift; sourceTree = "<group>"; };
		1C860E312C8F313400A0D3BC /* MainTabBarController.swift */ = {isa = PBXFileReference; lastKnownFileType = sourcecode.swift; path = MainTabBarController.swift; sourceTree = "<group>"; };
		1C860E332C8F32B700A0D3BC /* TrackersViewController.swift */ = {isa = PBXFileReference; lastKnownFileType = sourcecode.swift; path = TrackersViewController.swift; sourceTree = "<group>"; };
		1C860E352C8F335400A0D3BC /* TrackersView.swift */ = {isa = PBXFileReference; lastKnownFileType = sourcecode.swift; path = TrackersView.swift; sourceTree = "<group>"; };
		1C9505C12C8F3F84003FF17F /* CreateTrackerTypeViewController.swift */ = {isa = PBXFileReference; lastKnownFileType = sourcecode.swift; path = CreateTrackerTypeViewController.swift; sourceTree = "<group>"; };
		1C9505C32C8F3FA5003FF17F /* CreateTrackerTypeView.swift */ = {isa = PBXFileReference; lastKnownFileType = sourcecode.swift; path = CreateTrackerTypeView.swift; sourceTree = "<group>"; };
		1CEA55E52C904AB1000580D7 /* CreateHabitView.swift */ = {isa = PBXFileReference; lastKnownFileType = sourcecode.swift; path = CreateHabitView.swift; sourceTree = "<group>"; };
		1CEA55E72C904B12000580D7 /* CreateHabitViewController.swift */ = {isa = PBXFileReference; lastKnownFileType = sourcecode.swift; path = CreateHabitViewController.swift; sourceTree = "<group>"; };
/* End PBXFileReference section */

/* Begin PBXFrameworksBuildPhase section */
		1C567E6D2C88826F0023A2BC /* Frameworks */ = {
			isa = PBXFrameworksBuildPhase;
			buildActionMask = 2147483647;
			files = (
			);
			runOnlyForDeploymentPostprocessing = 0;
		};
/* End PBXFrameworksBuildPhase section */

/* Begin PBXGroup section */
		1C06ED852C8B05F700A5A5F4 /* Models */ = {
			isa = PBXGroup;
			children = (
				1C06ED8E2C8B2C1300A5A5F4 /* TrackerModel.xcdatamodeld */,
				1C860E2A2C8EF3CB00A0D3BC /* CoreDataManager.swift */,
				1C06ED882C8B064100A5A5F4 /* Tracker.swift */,
				1C06ED862C8B061600A5A5F4 /* TrackerCategory.swift */,
				1C06ED8A2C8B067B00A5A5F4 /* TrackerRecord.swift */,
			);
			path = Models;
			sourceTree = "<group>";
		};
		1C567E672C88826F0023A2BC = {
			isa = PBXGroup;
			children = (
				1C567E722C88826F0023A2BC /* Tracker */,
				1C567E712C88826F0023A2BC /* Products */,
			);
			sourceTree = "<group>";
		};
		1C567E712C88826F0023A2BC /* Products */ = {
			isa = PBXGroup;
			children = (
				1C567E702C88826F0023A2BC /* Tracker.app */,
			);
			name = Products;
			sourceTree = "<group>";
		};
		1C567E722C88826F0023A2BC /* Tracker */ = {
			isa = PBXGroup;
			children = (
				1C567E812C8882730023A2BC /* Info.plist */,
				1C567E732C8882700023A2BC /* AppDelegate.swift */,
				1C567E752C8882700023A2BC /* SceneDelegate.swift */,
				1C860E2E2C8F2FA100A0D3BC /* Resources */,
				1C860E2F2C8F2FDA00A0D3BC /* Controllers */,
				1C860E302C8F2FFD00A0D3BC /* Views */,
				1C06ED852C8B05F700A5A5F4 /* Models */,
			);
			path = Tracker;
			sourceTree = "<group>";
		};
		1C860E2E2C8F2FA100A0D3BC /* Resources */ = {
			isa = PBXGroup;
			children = (
				1C567E7C2C8882730023A2BC /* Assets.xcassets */,
				1C567E7E2C8882730023A2BC /* LaunchScreen.storyboard */,
			);
			path = Resources;
			sourceTree = "<group>";
		};
		1C860E2F2C8F2FDA00A0D3BC /* Controllers */ = {
			isa = PBXGroup;
			children = (
				1C860E2C2C8F2E9700A0D3BC /* SplashViewController.swift */,
				1C860E312C8F313400A0D3BC /* MainTabBarController.swift */,
				1C860E332C8F32B700A0D3BC /* TrackersViewController.swift */,
				1C9505C12C8F3F84003FF17F /* CreateTrackerTypeViewController.swift */,
				1CEA55E72C904B12000580D7 /* CreateHabitViewController.swift */,
			);
			path = Controllers;
			sourceTree = "<group>";
		};
		1C860E302C8F2FFD00A0D3BC /* Views */ = {
			isa = PBXGroup;
			children = (
				1C860E352C8F335400A0D3BC /* TrackersView.swift */,
				1C9505C32C8F3FA5003FF17F /* CreateTrackerTypeView.swift */,
				1CEA55E52C904AB1000580D7 /* CreateHabitView.swift */,
			);
			path = Views;
			sourceTree = "<group>";
		};
/* End PBXGroup section */

/* Begin PBXNativeTarget section */
		1C567E6F2C88826F0023A2BC /* Tracker */ = {
			isa = PBXNativeTarget;
			buildConfigurationList = 1C567E842C8882730023A2BC /* Build configuration list for PBXNativeTarget "Tracker" */;
			buildPhases = (
				1C567E6C2C88826F0023A2BC /* Sources */,
				1C567E6D2C88826F0023A2BC /* Frameworks */,
				1C567E6E2C88826F0023A2BC /* Resources */,
			);
			buildRules = (
			);
			dependencies = (
			);
			name = Tracker;
			productName = Tracker;
			productReference = 1C567E702C88826F0023A2BC /* Tracker.app */;
			productType = "com.apple.product-type.application";
		};
/* End PBXNativeTarget section */

/* Begin PBXProject section */
		1C567E682C88826F0023A2BC /* Project object */ = {
			isa = PBXProject;
			attributes = {
				BuildIndependentTargetsInParallel = 1;
				LastSwiftUpdateCheck = 1520;
				LastUpgradeCheck = 1520;
				TargetAttributes = {
					1C567E6F2C88826F0023A2BC = {
						CreatedOnToolsVersion = 15.2;
					};
				};
			};
			buildConfigurationList = 1C567E6B2C88826F0023A2BC /* Build configuration list for PBXProject "Tracker" */;
			compatibilityVersion = "Xcode 14.0";
			developmentRegion = en;
			hasScannedForEncodings = 0;
			knownRegions = (
				en,
				Base,
			);
			mainGroup = 1C567E672C88826F0023A2BC;
			productRefGroup = 1C567E712C88826F0023A2BC /* Products */;
			projectDirPath = "";
			projectRoot = "";
			targets = (
				1C567E6F2C88826F0023A2BC /* Tracker */,
			);
		};
/* End PBXProject section */

/* Begin PBXResourcesBuildPhase section */
		1C567E6E2C88826F0023A2BC /* Resources */ = {
			isa = PBXResourcesBuildPhase;
			buildActionMask = 2147483647;
			files = (
				1C567E802C8882730023A2BC /* LaunchScreen.storyboard in Resources */,
				1C567E7D2C8882730023A2BC /* Assets.xcassets in Resources */,
			);
			runOnlyForDeploymentPostprocessing = 0;
		};
/* End PBXResourcesBuildPhase section */

/* Begin PBXSourcesBuildPhase section */
		1C567E6C2C88826F0023A2BC /* Sources */ = {
			isa = PBXSourcesBuildPhase;
			buildActionMask = 2147483647;
			files = (
				1C860E342C8F32B700A0D3BC /* TrackersViewController.swift in Sources */,
				1C9505C22C8F3F84003FF17F /* CreateTrackerTypeViewController.swift in Sources */,
				1C9505C42C8F3FA5003FF17F /* CreateTrackerTypeView.swift in Sources */,
				1CEA55E82C904B12000580D7 /* CreateHabitViewController.swift in Sources */,
				1C567E742C8882700023A2BC /* AppDelegate.swift in Sources */,
				1C860E322C8F313400A0D3BC /* MainTabBarController.swift in Sources */,
				1C06ED892C8B064100A5A5F4 /* Tracker.swift in Sources */,
				1C860E2D2C8F2E9700A0D3BC /* SplashViewController.swift in Sources */,
				1CEA55E62C904AB1000580D7 /* CreateHabitView.swift in Sources */,
				1C06ED872C8B061600A5A5F4 /* TrackerCategory.swift in Sources */,
				1C860E362C8F335400A0D3BC /* TrackersView.swift in Sources */,
				1C567E762C8882700023A2BC /* SceneDelegate.swift in Sources */,
				1C860E2B2C8EF3CB00A0D3BC /* CoreDataManager.swift in Sources */,
				1C06ED902C8B2C1300A5A5F4 /* TrackerModel.xcdatamodeld in Sources */,
				1C06ED8B2C8B067B00A5A5F4 /* TrackerRecord.swift in Sources */,
			);
			runOnlyForDeploymentPostprocessing = 0;
		};
/* End PBXSourcesBuildPhase section */

/* Begin PBXVariantGroup section */
		1C567E7E2C8882730023A2BC /* LaunchScreen.storyboard */ = {
			isa = PBXVariantGroup;
			children = (
				1C567E7F2C8882730023A2BC /* Base */,
			);
			name = LaunchScreen.storyboard;
			sourceTree = "<group>";
		};
/* End PBXVariantGroup section */

/* Begin XCBuildConfiguration section */
		1C567E822C8882730023A2BC /* Debug */ = {
			isa = XCBuildConfiguration;
			buildSettings = {
				ALWAYS_SEARCH_USER_PATHS = NO;
				ASSETCATALOG_COMPILER_GENERATE_SWIFT_ASSET_SYMBOL_EXTENSIONS = YES;
				CLANG_ANALYZER_NONNULL = YES;
				CLANG_ANALYZER_NUMBER_OBJECT_CONVERSION = YES_AGGRESSIVE;
				CLANG_CXX_LANGUAGE_STANDARD = "gnu++20";
				CLANG_ENABLE_MODULES = YES;
				CLANG_ENABLE_OBJC_ARC = YES;
				CLANG_ENABLE_OBJC_WEAK = YES;
				CLANG_WARN_BLOCK_CAPTURE_AUTORELEASING = YES;
				CLANG_WARN_BOOL_CONVERSION = YES;
				CLANG_WARN_COMMA = YES;
				CLANG_WARN_CONSTANT_CONVERSION = YES;
				CLANG_WARN_DEPRECATED_OBJC_IMPLEMENTATIONS = YES;
				CLANG_WARN_DIRECT_OBJC_ISA_USAGE = YES_ERROR;
				CLANG_WARN_DOCUMENTATION_COMMENTS = YES;
				CLANG_WARN_EMPTY_BODY = YES;
				CLANG_WARN_ENUM_CONVERSION = YES;
				CLANG_WARN_INFINITE_RECURSION = YES;
				CLANG_WARN_INT_CONVERSION = YES;
				CLANG_WARN_NON_LITERAL_NULL_CONVERSION = YES;
				CLANG_WARN_OBJC_IMPLICIT_RETAIN_SELF = YES;
				CLANG_WARN_OBJC_LITERAL_CONVERSION = YES;
				CLANG_WARN_OBJC_ROOT_CLASS = YES_ERROR;
				CLANG_WARN_QUOTED_INCLUDE_IN_FRAMEWORK_HEADER = YES;
				CLANG_WARN_RANGE_LOOP_ANALYSIS = YES;
				CLANG_WARN_STRICT_PROTOTYPES = YES;
				CLANG_WARN_SUSPICIOUS_MOVE = YES;
				CLANG_WARN_UNGUARDED_AVAILABILITY = YES_AGGRESSIVE;
				CLANG_WARN_UNREACHABLE_CODE = YES;
				CLANG_WARN__DUPLICATE_METHOD_MATCH = YES;
				COPY_PHASE_STRIP = NO;
				DEBUG_INFORMATION_FORMAT = dwarf;
				ENABLE_STRICT_OBJC_MSGSEND = YES;
				ENABLE_TESTABILITY = YES;
				ENABLE_USER_SCRIPT_SANDBOXING = YES;
				GCC_C_LANGUAGE_STANDARD = gnu17;
				GCC_DYNAMIC_NO_PIC = NO;
				GCC_NO_COMMON_BLOCKS = YES;
				GCC_OPTIMIZATION_LEVEL = 0;
				GCC_PREPROCESSOR_DEFINITIONS = (
					"DEBUG=1",
					"$(inherited)",
				);
				GCC_WARN_64_TO_32_BIT_CONVERSION = YES;
				GCC_WARN_ABOUT_RETURN_TYPE = YES_ERROR;
				GCC_WARN_UNDECLARED_SELECTOR = YES;
				GCC_WARN_UNINITIALIZED_AUTOS = YES_AGGRESSIVE;
				GCC_WARN_UNUSED_FUNCTION = YES;
				GCC_WARN_UNUSED_VARIABLE = YES;
				IPHONEOS_DEPLOYMENT_TARGET = 17.2;
				LOCALIZATION_PREFERS_STRING_CATALOGS = YES;
				MTL_ENABLE_DEBUG_INFO = INCLUDE_SOURCE;
				MTL_FAST_MATH = YES;
				ONLY_ACTIVE_ARCH = YES;
				SDKROOT = iphoneos;
				SWIFT_ACTIVE_COMPILATION_CONDITIONS = "DEBUG $(inherited)";
				SWIFT_OPTIMIZATION_LEVEL = "-Onone";
			};
			name = Debug;
		};
		1C567E832C8882730023A2BC /* Release */ = {
			isa = XCBuildConfiguration;
			buildSettings = {
				ALWAYS_SEARCH_USER_PATHS = NO;
				ASSETCATALOG_COMPILER_GENERATE_SWIFT_ASSET_SYMBOL_EXTENSIONS = YES;
				CLANG_ANALYZER_NONNULL = YES;
				CLANG_ANALYZER_NUMBER_OBJECT_CONVERSION = YES_AGGRESSIVE;
				CLANG_CXX_LANGUAGE_STANDARD = "gnu++20";
				CLANG_ENABLE_MODULES = YES;
				CLANG_ENABLE_OBJC_ARC = YES;
				CLANG_ENABLE_OBJC_WEAK = YES;
				CLANG_WARN_BLOCK_CAPTURE_AUTORELEASING = YES;
				CLANG_WARN_BOOL_CONVERSION = YES;
				CLANG_WARN_COMMA = YES;
				CLANG_WARN_CONSTANT_CONVERSION = YES;
				CLANG_WARN_DEPRECATED_OBJC_IMPLEMENTATIONS = YES;
				CLANG_WARN_DIRECT_OBJC_ISA_USAGE = YES_ERROR;
				CLANG_WARN_DOCUMENTATION_COMMENTS = YES;
				CLANG_WARN_EMPTY_BODY = YES;
				CLANG_WARN_ENUM_CONVERSION = YES;
				CLANG_WARN_INFINITE_RECURSION = YES;
				CLANG_WARN_INT_CONVERSION = YES;
				CLANG_WARN_NON_LITERAL_NULL_CONVERSION = YES;
				CLANG_WARN_OBJC_IMPLICIT_RETAIN_SELF = YES;
				CLANG_WARN_OBJC_LITERAL_CONVERSION = YES;
				CLANG_WARN_OBJC_ROOT_CLASS = YES_ERROR;
				CLANG_WARN_QUOTED_INCLUDE_IN_FRAMEWORK_HEADER = YES;
				CLANG_WARN_RANGE_LOOP_ANALYSIS = YES;
				CLANG_WARN_STRICT_PROTOTYPES = YES;
				CLANG_WARN_SUSPICIOUS_MOVE = YES;
				CLANG_WARN_UNGUARDED_AVAILABILITY = YES_AGGRESSIVE;
				CLANG_WARN_UNREACHABLE_CODE = YES;
				CLANG_WARN__DUPLICATE_METHOD_MATCH = YES;
				COPY_PHASE_STRIP = NO;
				DEBUG_INFORMATION_FORMAT = "dwarf-with-dsym";
				ENABLE_NS_ASSERTIONS = NO;
				ENABLE_STRICT_OBJC_MSGSEND = YES;
				ENABLE_USER_SCRIPT_SANDBOXING = YES;
				GCC_C_LANGUAGE_STANDARD = gnu17;
				GCC_NO_COMMON_BLOCKS = YES;
				GCC_WARN_64_TO_32_BIT_CONVERSION = YES;
				GCC_WARN_ABOUT_RETURN_TYPE = YES_ERROR;
				GCC_WARN_UNDECLARED_SELECTOR = YES;
				GCC_WARN_UNINITIALIZED_AUTOS = YES_AGGRESSIVE;
				GCC_WARN_UNUSED_FUNCTION = YES;
				GCC_WARN_UNUSED_VARIABLE = YES;
				IPHONEOS_DEPLOYMENT_TARGET = 17.2;
				LOCALIZATION_PREFERS_STRING_CATALOGS = YES;
				MTL_ENABLE_DEBUG_INFO = NO;
				MTL_FAST_MATH = YES;
				SDKROOT = iphoneos;
				SWIFT_COMPILATION_MODE = wholemodule;
				VALIDATE_PRODUCT = YES;
			};
			name = Release;
		};
		1C567E852C8882730023A2BC /* Debug */ = {
			isa = XCBuildConfiguration;
			buildSettings = {
				ASSETCATALOG_COMPILER_APPICON_NAME = AppIcon;
				ASSETCATALOG_COMPILER_GLOBAL_ACCENT_COLOR_NAME = AccentColor;
				CODE_SIGN_STYLE = Automatic;
				CURRENT_PROJECT_VERSION = 1;
				DEVELOPMENT_TEAM = 6NYBPW9GN5;
				GENERATE_INFOPLIST_FILE = YES;
				INFOPLIST_FILE = Tracker/Info.plist;
				INFOPLIST_KEY_LSApplicationCategoryType = "public.app-category.productivity";
				INFOPLIST_KEY_UIApplicationSupportsIndirectInputEvents = YES;
				INFOPLIST_KEY_UILaunchStoryboardName = LaunchScreen.storyboard;
				INFOPLIST_KEY_UIStatusBarStyle = "";
				INFOPLIST_KEY_UISupportedInterfaceOrientations = UIInterfaceOrientationPortrait;
				INFOPLIST_KEY_UISupportedInterfaceOrientations_iPad = "UIInterfaceOrientationLandscapeLeft UIInterfaceOrientationLandscapeRight UIInterfaceOrientationPortrait UIInterfaceOrientationPortraitUpsideDown";
				IPHONEOS_DEPLOYMENT_TARGET = 13.4;
				LD_RUNPATH_SEARCH_PATHS = (
					"$(inherited)",
					"@executable_path/Frameworks",
				);
				MARKETING_VERSION = 1.0;
				PRODUCT_BUNDLE_IDENTIFIER = com.mybrain.Tracker;
				PRODUCT_NAME = "$(TARGET_NAME)";
				SUPPORTED_PLATFORMS = "iphoneos iphonesimulator";
				SUPPORTS_MACCATALYST = NO;
				SUPPORTS_MAC_DESIGNED_FOR_IPHONE_IPAD = NO;
				SUPPORTS_XR_DESIGNED_FOR_IPHONE_IPAD = NO;
				SWIFT_EMIT_LOC_STRINGS = YES;
				SWIFT_VERSION = 5.0;
				TARGETED_DEVICE_FAMILY = 1;
			};
			name = Debug;
		};
		1C567E862C8882730023A2BC /* Release */ = {
			isa = XCBuildConfiguration;
			buildSettings = {
				ASSETCATALOG_COMPILER_APPICON_NAME = AppIcon;
				ASSETCATALOG_COMPILER_GLOBAL_ACCENT_COLOR_NAME = AccentColor;
				CODE_SIGN_STYLE = Automatic;
				CURRENT_PROJECT_VERSION = 1;
				DEVELOPMENT_TEAM = 6NYBPW9GN5;
				GENERATE_INFOPLIST_FILE = YES;
				INFOPLIST_FILE = Tracker/Info.plist;
				INFOPLIST_KEY_LSApplicationCategoryType = "public.app-category.productivity";
				INFOPLIST_KEY_UIApplicationSupportsIndirectInputEvents = YES;
				INFOPLIST_KEY_UILaunchStoryboardName = LaunchScreen.storyboard;
				INFOPLIST_KEY_UIStatusBarStyle = "";
				INFOPLIST_KEY_UISupportedInterfaceOrientations = UIInterfaceOrientationPortrait;
				INFOPLIST_KEY_UISupportedInterfaceOrientations_iPad = "UIInterfaceOrientationLandscapeLeft UIInterfaceOrientationLandscapeRight UIInterfaceOrientationPortrait UIInterfaceOrientationPortraitUpsideDown";
				IPHONEOS_DEPLOYMENT_TARGET = 13.4;
				LD_RUNPATH_SEARCH_PATHS = (
					"$(inherited)",
					"@executable_path/Frameworks",
				);
				MARKETING_VERSION = 1.0;
				PRODUCT_BUNDLE_IDENTIFIER = com.mybrain.Tracker;
				PRODUCT_NAME = "$(TARGET_NAME)";
				SUPPORTED_PLATFORMS = "iphoneos iphonesimulator";
				SUPPORTS_MACCATALYST = NO;
				SUPPORTS_MAC_DESIGNED_FOR_IPHONE_IPAD = NO;
				SUPPORTS_XR_DESIGNED_FOR_IPHONE_IPAD = NO;
				SWIFT_EMIT_LOC_STRINGS = YES;
				SWIFT_VERSION = 5.0;
				TARGETED_DEVICE_FAMILY = 1;
			};
			name = Release;
		};
/* End XCBuildConfiguration section */

/* Begin XCConfigurationList section */
		1C567E6B2C88826F0023A2BC /* Build configuration list for PBXProject "Tracker" */ = {
			isa = XCConfigurationList;
			buildConfigurations = (
				1C567E822C8882730023A2BC /* Debug */,
				1C567E832C8882730023A2BC /* Release */,
			);
			defaultConfigurationIsVisible = 0;
			defaultConfigurationName = Release;
		};
		1C567E842C8882730023A2BC /* Build configuration list for PBXNativeTarget "Tracker" */ = {
			isa = XCConfigurationList;
			buildConfigurations = (
				1C567E852C8882730023A2BC /* Debug */,
				1C567E862C8882730023A2BC /* Release */,
			);
			defaultConfigurationIsVisible = 0;
			defaultConfigurationName = Release;
		};
/* End XCConfigurationList section */

/* Begin XCVersionGroup section */
		1C06ED8E2C8B2C1300A5A5F4 /* TrackerModel.xcdatamodeld */ = {
			isa = XCVersionGroup;
			children = (
				1C06ED8F2C8B2C1300A5A5F4 /* TrackerModel.xcdatamodel */,
			);
			currentVersion = 1C06ED8F2C8B2C1300A5A5F4 /* TrackerModel.xcdatamodel */;
			path = TrackerModel.xcdatamodeld;
			sourceTree = "<group>";
			versionGroupType = wrapper.xcdatamodel;
		};
/* End XCVersionGroup section */
	};
	rootObject = 1C567E682C88826F0023A2BC /* Project object */;
}
